// !$*UTF8*$!
{
	archiveVersion = 1;
	classes = {
	};
	objectVersion = 56;
	objects = {

/* Begin PBXBuildFile section */
		5B24E91B2C8931B700C003E5 /* FlashzillaApp.swift in Sources */ = {isa = PBXBuildFile; fileRef = 5B24E91A2C8931B700C003E5 /* FlashzillaApp.swift */; };
		5B24E91D2C8931B700C003E5 /* ContentView.swift in Sources */ = {isa = PBXBuildFile; fileRef = 5B24E91C2C8931B700C003E5 /* ContentView.swift */; };
		5B24E91F2C8931B800C003E5 /* Assets.xcassets in Resources */ = {isa = PBXBuildFile; fileRef = 5B24E91E2C8931B800C003E5 /* Assets.xcassets */; };
		5B24E9222C8931B800C003E5 /* Preview Assets.xcassets in Resources */ = {isa = PBXBuildFile; fileRef = 5B24E9212C8931B800C003E5 /* Preview Assets.xcassets */; };
		5B24E92A2C89324300C003E5 /* GesturesView.swift in Sources */ = {isa = PBXBuildFile; fileRef = 5B24E9292C89324300C003E5 /* GesturesView.swift */; };
		5B24E92C2C8936B100C003E5 /* MagnifyGestureView.swift in Sources */ = {isa = PBXBuildFile; fileRef = 5B24E92B2C8936B100C003E5 /* MagnifyGestureView.swift */; };
		5B24E92E2C89376F00C003E5 /* RotationGestureView.swift in Sources */ = {isa = PBXBuildFile; fileRef = 5B24E92D2C89376F00C003E5 /* RotationGestureView.swift */; };
		5B24E9302C893DBC00C003E5 /* PriorityGestureView.swift in Sources */ = {isa = PBXBuildFile; fileRef = 5B24E92F2C893DBC00C003E5 /* PriorityGestureView.swift */; };
		5B24E9342C8A7FA200C003E5 /* DragGestureView.swift in Sources */ = {isa = PBXBuildFile; fileRef = 5B24E9332C8A7FA200C003E5 /* DragGestureView.swift */; };
		5B24E9362C8A848800C003E5 /* HitTestingView.swift in Sources */ = {isa = PBXBuildFile; fileRef = 5B24E9352C8A848800C003E5 /* HitTestingView.swift */; };
		5B24E9382C8A865700C003E5 /* TapAreaView.swift in Sources */ = {isa = PBXBuildFile; fileRef = 5B24E9372C8A865700C003E5 /* TapAreaView.swift */; };
		5B24E93A2C8A8A3A00C003E5 /* TimerView.swift in Sources */ = {isa = PBXBuildFile; fileRef = 5B24E9392C8A8A3A00C003E5 /* TimerView.swift */; };
		5B24E93C2C8BC23A00C003E5 /* ScenePhaseView.swift in Sources */ = {isa = PBXBuildFile; fileRef = 5B24E93B2C8BC23A00C003E5 /* ScenePhaseView.swift */; };
/* End PBXBuildFile section */

/* Begin PBXFileReference section */
		5B24E9172C8931B700C003E5 /* Flashzilla.app */ = {isa = PBXFileReference; explicitFileType = wrapper.application; includeInIndex = 0; path = Flashzilla.app; sourceTree = BUILT_PRODUCTS_DIR; };
		5B24E91A2C8931B700C003E5 /* FlashzillaApp.swift */ = {isa = PBXFileReference; lastKnownFileType = sourcecode.swift; path = FlashzillaApp.swift; sourceTree = "<group>"; };
		5B24E91C2C8931B700C003E5 /* ContentView.swift */ = {isa = PBXFileReference; lastKnownFileType = sourcecode.swift; path = ContentView.swift; sourceTree = "<group>"; };
		5B24E91E2C8931B800C003E5 /* Assets.xcassets */ = {isa = PBXFileReference; lastKnownFileType = folder.assetcatalog; path = Assets.xcassets; sourceTree = "<group>"; };
		5B24E9212C8931B800C003E5 /* Preview Assets.xcassets */ = {isa = PBXFileReference; lastKnownFileType = folder.assetcatalog; path = "Preview Assets.xcassets"; sourceTree = "<group>"; };
		5B24E9292C89324300C003E5 /* GesturesView.swift */ = {isa = PBXFileReference; lastKnownFileType = sourcecode.swift; path = GesturesView.swift; sourceTree = "<group>"; };
		5B24E92B2C8936B100C003E5 /* MagnifyGestureView.swift */ = {isa = PBXFileReference; lastKnownFileType = sourcecode.swift; path = MagnifyGestureView.swift; sourceTree = "<group>"; };
		5B24E92D2C89376F00C003E5 /* RotationGestureView.swift */ = {isa = PBXFileReference; lastKnownFileType = sourcecode.swift; path = RotationGestureView.swift; sourceTree = "<group>"; };
		5B24E92F2C893DBC00C003E5 /* PriorityGestureView.swift */ = {isa = PBXFileReference; lastKnownFileType = sourcecode.swift; path = PriorityGestureView.swift; sourceTree = "<group>"; };
		5B24E9332C8A7FA200C003E5 /* DragGestureView.swift */ = {isa = PBXFileReference; lastKnownFileType = sourcecode.swift; path = DragGestureView.swift; sourceTree = "<group>"; };
		5B24E9352C8A848800C003E5 /* HitTestingView.swift */ = {isa = PBXFileReference; lastKnownFileType = sourcecode.swift; path = HitTestingView.swift; sourceTree = "<group>"; };
		5B24E9372C8A865700C003E5 /* TapAreaView.swift */ = {isa = PBXFileReference; lastKnownFileType = sourcecode.swift; path = TapAreaView.swift; sourceTree = "<group>"; };
		5B24E9392C8A8A3A00C003E5 /* TimerView.swift */ = {isa = PBXFileReference; lastKnownFileType = sourcecode.swift; path = TimerView.swift; sourceTree = "<group>"; };
		5B24E93B2C8BC23A00C003E5 /* ScenePhaseView.swift */ = {isa = PBXFileReference; lastKnownFileType = sourcecode.swift; path = ScenePhaseView.swift; sourceTree = "<group>"; };
/* End PBXFileReference section */

/* Begin PBXFrameworksBuildPhase section */
		5B24E9142C8931B700C003E5 /* Frameworks */ = {
			isa = PBXFrameworksBuildPhase;
			buildActionMask = 2147483647;
			files = (
			);
			runOnlyForDeploymentPostprocessing = 0;
		};
/* End PBXFrameworksBuildPhase section */

/* Begin PBXGroup section */
		5B24E90E2C8931B700C003E5 = {
			isa = PBXGroup;
			children = (
				5B24E9192C8931B700C003E5 /* Flashzilla */,
				5B24E9182C8931B700C003E5 /* Products */,
			);
			sourceTree = "<group>";
		};
		5B24E9182C8931B700C003E5 /* Products */ = {
			isa = PBXGroup;
			children = (
				5B24E9172C8931B700C003E5 /* Flashzilla.app */,
			);
			name = Products;
			sourceTree = "<group>";
		};
		5B24E9192C8931B700C003E5 /* Flashzilla */ = {
			isa = PBXGroup;
			children = (
				5B24E91E2C8931B800C003E5 /* Assets.xcassets */,
				5B24E91C2C8931B700C003E5 /* ContentView.swift */,
				5B24E91A2C8931B700C003E5 /* FlashzillaApp.swift */,
				5B24E9202C8931B800C003E5 /* Preview Content */,
				5B24E9282C8931C700C003E5 /* Snippets */,
			);
			path = Flashzilla;
			sourceTree = "<group>";
		};
		5B24E9202C8931B800C003E5 /* Preview Content */ = {
			isa = PBXGroup;
			children = (
				5B24E9212C8931B800C003E5 /* Preview Assets.xcassets */,
			);
			path = "Preview Content";
			sourceTree = "<group>";
		};
		5B24E9282C8931C700C003E5 /* Snippets */ = {
			isa = PBXGroup;
			children = (
				5B24E9292C89324300C003E5 /* GesturesView.swift */,
				5B24E92B2C8936B100C003E5 /* MagnifyGestureView.swift */,
				5B24E92D2C89376F00C003E5 /* RotationGestureView.swift */,
				5B24E92F2C893DBC00C003E5 /* PriorityGestureView.swift */,
				5B24E9332C8A7FA200C003E5 /* DragGestureView.swift */,
				5B24E9352C8A848800C003E5 /* HitTestingView.swift */,
				5B24E9372C8A865700C003E5 /* TapAreaView.swift */,
				5B24E9392C8A8A3A00C003E5 /* TimerView.swift */,
				5B24E93B2C8BC23A00C003E5 /* ScenePhaseView.swift */,
			);
			path = Snippets;
			sourceTree = "<group>";
		};
/* End PBXGroup section */

/* Begin PBXNativeTarget section */
		5B24E9162C8931B700C003E5 /* Flashzilla */ = {
			isa = PBXNativeTarget;
			buildConfigurationList = 5B24E9252C8931B800C003E5 /* Build configuration list for PBXNativeTarget "Flashzilla" */;
			buildPhases = (
				5B24E9132C8931B700C003E5 /* Sources */,
				5B24E9142C8931B700C003E5 /* Frameworks */,
				5B24E9152C8931B700C003E5 /* Resources */,
			);
			buildRules = (
			);
			dependencies = (
			);
			name = Flashzilla;
			productName = Flashzilla;
			productReference = 5B24E9172C8931B700C003E5 /* Flashzilla.app */;
			productType = "com.apple.product-type.application";
		};
/* End PBXNativeTarget section */

/* Begin PBXProject section */
		5B24E90F2C8931B700C003E5 /* Project object */ = {
			isa = PBXProject;
			attributes = {
				BuildIndependentTargetsInParallel = 1;
				LastSwiftUpdateCheck = 1520;
				LastUpgradeCheck = 1520;
				TargetAttributes = {
					5B24E9162C8931B700C003E5 = {
						CreatedOnToolsVersion = 15.2;
					};
				};
			};
			buildConfigurationList = 5B24E9122C8931B700C003E5 /* Build configuration list for PBXProject "Flashzilla" */;
			compatibilityVersion = "Xcode 14.0";
			developmentRegion = en;
			hasScannedForEncodings = 0;
			knownRegions = (
				en,
				Base,
			);
			mainGroup = 5B24E90E2C8931B700C003E5;
			productRefGroup = 5B24E9182C8931B700C003E5 /* Products */;
			projectDirPath = "";
			projectRoot = "";
			targets = (
				5B24E9162C8931B700C003E5 /* Flashzilla */,
			);
		};
/* End PBXProject section */

/* Begin PBXResourcesBuildPhase section */
		5B24E9152C8931B700C003E5 /* Resources */ = {
			isa = PBXResourcesBuildPhase;
			buildActionMask = 2147483647;
			files = (
				5B24E9222C8931B800C003E5 /* Preview Assets.xcassets in Resources */,
				5B24E91F2C8931B800C003E5 /* Assets.xcassets in Resources */,
			);
			runOnlyForDeploymentPostprocessing = 0;
		};
/* End PBXResourcesBuildPhase section */

/* Begin PBXSourcesBuildPhase section */
		5B24E9132C8931B700C003E5 /* Sources */ = {
			isa = PBXSourcesBuildPhase;
			buildActionMask = 2147483647;
			files = (
				5B24E93C2C8BC23A00C003E5 /* ScenePhaseView.swift in Sources */,
				5B24E93A2C8A8A3A00C003E5 /* TimerView.swift in Sources */,
				5B24E9382C8A865700C003E5 /* TapAreaView.swift in Sources */,
				5B24E9302C893DBC00C003E5 /* PriorityGestureView.swift in Sources */,
				5B24E92A2C89324300C003E5 /* GesturesView.swift in Sources */,
				5B24E92E2C89376F00C003E5 /* RotationGestureView.swift in Sources */,
				5B24E9342C8A7FA200C003E5 /* DragGestureView.swift in Sources */,
				5B24E91D2C8931B700C003E5 /* ContentView.swift in Sources */,
				5B24E9362C8A848800C003E5 /* HitTestingView.swift in Sources */,
				5B24E91B2C8931B700C003E5 /* FlashzillaApp.swift in Sources */,
				5B24E92C2C8936B100C003E5 /* MagnifyGestureView.swift in Sources */,
			);
			runOnlyForDeploymentPostprocessing = 0;
		};
/* End PBXSourcesBuildPhase section */

/* Begin XCBuildConfiguration section */
		5B24E9232C8931B800C003E5 /* Debug */ = {
			isa = XCBuildConfiguration;
			buildSettings = {
				ALWAYS_SEARCH_USER_PATHS = NO;
				ASSETCATALOG_COMPILER_GENERATE_SWIFT_ASSET_SYMBOL_EXTENSIONS = YES;
				CLANG_ANALYZER_NONNULL = YES;
				CLANG_ANALYZER_NUMBER_OBJECT_CONVERSION = YES_AGGRESSIVE;
				CLANG_CXX_LANGUAGE_STANDARD = "gnu++20";
				CLANG_ENABLE_MODULES = YES;
				CLANG_ENABLE_OBJC_ARC = YES;
				CLANG_ENABLE_OBJC_WEAK = YES;
				CLANG_WARN_BLOCK_CAPTURE_AUTORELEASING = YES;
				CLANG_WARN_BOOL_CONVERSION = YES;
				CLANG_WARN_COMMA = YES;
				CLANG_WARN_CONSTANT_CONVERSION = YES;
				CLANG_WARN_DEPRECATED_OBJC_IMPLEMENTATIONS = YES;
				CLANG_WARN_DIRECT_OBJC_ISA_USAGE = YES_ERROR;
				CLANG_WARN_DOCUMENTATION_COMMENTS = YES;
				CLANG_WARN_EMPTY_BODY = YES;
				CLANG_WARN_ENUM_CONVERSION = YES;
				CLANG_WARN_INFINITE_RECURSION = YES;
				CLANG_WARN_INT_CONVERSION = YES;
				CLANG_WARN_NON_LITERAL_NULL_CONVERSION = YES;
				CLANG_WARN_OBJC_IMPLICIT_RETAIN_SELF = YES;
				CLANG_WARN_OBJC_LITERAL_CONVERSION = YES;
				CLANG_WARN_OBJC_ROOT_CLASS = YES_ERROR;
				CLANG_WARN_QUOTED_INCLUDE_IN_FRAMEWORK_HEADER = YES;
				CLANG_WARN_RANGE_LOOP_ANALYSIS = YES;
				CLANG_WARN_STRICT_PROTOTYPES = YES;
				CLANG_WARN_SUSPICIOUS_MOVE = YES;
				CLANG_WARN_UNGUARDED_AVAILABILITY = YES_AGGRESSIVE;
				CLANG_WARN_UNREACHABLE_CODE = YES;
				CLANG_WARN__DUPLICATE_METHOD_MATCH = YES;
				COPY_PHASE_STRIP = NO;
				DEBUG_INFORMATION_FORMAT = dwarf;
				ENABLE_STRICT_OBJC_MSGSEND = YES;
				ENABLE_TESTABILITY = YES;
				ENABLE_USER_SCRIPT_SANDBOXING = YES;
				GCC_C_LANGUAGE_STANDARD = gnu17;
				GCC_DYNAMIC_NO_PIC = NO;
				GCC_NO_COMMON_BLOCKS = YES;
				GCC_OPTIMIZATION_LEVEL = 0;
				GCC_PREPROCESSOR_DEFINITIONS = (
					"DEBUG=1",
					"$(inherited)",
				);
				GCC_WARN_64_TO_32_BIT_CONVERSION = YES;
				GCC_WARN_ABOUT_RETURN_TYPE = YES_ERROR;
				GCC_WARN_UNDECLARED_SELECTOR = YES;
				GCC_WARN_UNINITIALIZED_AUTOS = YES_AGGRESSIVE;
				GCC_WARN_UNUSED_FUNCTION = YES;
				GCC_WARN_UNUSED_VARIABLE = YES;
				IPHONEOS_DEPLOYMENT_TARGET = 17.2;
				LOCALIZATION_PREFERS_STRING_CATALOGS = YES;
				MTL_ENABLE_DEBUG_INFO = INCLUDE_SOURCE;
				MTL_FAST_MATH = YES;
				ONLY_ACTIVE_ARCH = YES;
				SDKROOT = iphoneos;
				SWIFT_ACTIVE_COMPILATION_CONDITIONS = "DEBUG $(inherited)";
				SWIFT_OPTIMIZATION_LEVEL = "-Onone";
			};
			name = Debug;
		};
		5B24E9242C8931B800C003E5 /* Release */ = {
			isa = XCBuildConfiguration;
			buildSettings = {
				ALWAYS_SEARCH_USER_PATHS = NO;
				ASSETCATALOG_COMPILER_GENERATE_SWIFT_ASSET_SYMBOL_EXTENSIONS = YES;
				CLANG_ANALYZER_NONNULL = YES;
				CLANG_ANALYZER_NUMBER_OBJECT_CONVERSION = YES_AGGRESSIVE;
				CLANG_CXX_LANGUAGE_STANDARD = "gnu++20";
				CLANG_ENABLE_MODULES = YES;
				CLANG_ENABLE_OBJC_ARC = YES;
				CLANG_ENABLE_OBJC_WEAK = YES;
				CLANG_WARN_BLOCK_CAPTURE_AUTORELEASING = YES;
				CLANG_WARN_BOOL_CONVERSION = YES;
				CLANG_WARN_COMMA = YES;
				CLANG_WARN_CONSTANT_CONVERSION = YES;
				CLANG_WARN_DEPRECATED_OBJC_IMPLEMENTATIONS = YES;
				CLANG_WARN_DIRECT_OBJC_ISA_USAGE = YES_ERROR;
				CLANG_WARN_DOCUMENTATION_COMMENTS = YES;
				CLANG_WARN_EMPTY_BODY = YES;
				CLANG_WARN_ENUM_CONVERSION = YES;
				CLANG_WARN_INFINITE_RECURSION = YES;
				CLANG_WARN_INT_CONVERSION = YES;
				CLANG_WARN_NON_LITERAL_NULL_CONVERSION = YES;
				CLANG_WARN_OBJC_IMPLICIT_RETAIN_SELF = YES;
				CLANG_WARN_OBJC_LITERAL_CONVERSION = YES;
				CLANG_WARN_OBJC_ROOT_CLASS = YES_ERROR;
				CLANG_WARN_QUOTED_INCLUDE_IN_FRAMEWORK_HEADER = YES;
				CLANG_WARN_RANGE_LOOP_ANALYSIS = YES;
				CLANG_WARN_STRICT_PROTOTYPES = YES;
				CLANG_WARN_SUSPICIOUS_MOVE = YES;
				CLANG_WARN_UNGUARDED_AVAILABILITY = YES_AGGRESSIVE;
				CLANG_WARN_UNREACHABLE_CODE = YES;
				CLANG_WARN__DUPLICATE_METHOD_MATCH = YES;
				COPY_PHASE_STRIP = NO;
				DEBUG_INFORMATION_FORMAT = "dwarf-with-dsym";
				ENABLE_NS_ASSERTIONS = NO;
				ENABLE_STRICT_OBJC_MSGSEND = YES;
				ENABLE_USER_SCRIPT_SANDBOXING = YES;
				GCC_C_LANGUAGE_STANDARD = gnu17;
				GCC_NO_COMMON_BLOCKS = YES;
				GCC_WARN_64_TO_32_BIT_CONVERSION = YES;
				GCC_WARN_ABOUT_RETURN_TYPE = YES_ERROR;
				GCC_WARN_UNDECLARED_SELECTOR = YES;
				GCC_WARN_UNINITIALIZED_AUTOS = YES_AGGRESSIVE;
				GCC_WARN_UNUSED_FUNCTION = YES;
				GCC_WARN_UNUSED_VARIABLE = YES;
				IPHONEOS_DEPLOYMENT_TARGET = 17.2;
				LOCALIZATION_PREFERS_STRING_CATALOGS = YES;
				MTL_ENABLE_DEBUG_INFO = NO;
				MTL_FAST_MATH = YES;
				SDKROOT = iphoneos;
				SWIFT_COMPILATION_MODE = wholemodule;
				VALIDATE_PRODUCT = YES;
			};
			name = Release;
		};
		5B24E9262C8931B800C003E5 /* Debug */ = {
			isa = XCBuildConfiguration;
			buildSettings = {
				ASSETCATALOG_COMPILER_APPICON_NAME = AppIcon;
				ASSETCATALOG_COMPILER_GLOBAL_ACCENT_COLOR_NAME = AccentColor;
				CODE_SIGN_STYLE = Automatic;
				CURRENT_PROJECT_VERSION = 1;
				DEVELOPMENT_ASSET_PATHS = "\"Flashzilla/Preview Content\"";
				DEVELOPMENT_TEAM = XQT4XJ3N79;
				ENABLE_PREVIEWS = YES;
				GENERATE_INFOPLIST_FILE = YES;
				INFOPLIST_KEY_UIApplicationSceneManifest_Generation = YES;
				INFOPLIST_KEY_UIApplicationSupportsIndirectInputEvents = YES;
				INFOPLIST_KEY_UILaunchScreen_Generation = YES;
				INFOPLIST_KEY_UISupportedInterfaceOrientations_iPad = "UIInterfaceOrientationPortrait UIInterfaceOrientationPortraitUpsideDown UIInterfaceOrientationLandscapeLeft UIInterfaceOrientationLandscapeRight";
				INFOPLIST_KEY_UISupportedInterfaceOrientations_iPhone = "UIInterfaceOrientationPortrait UIInterfaceOrientationLandscapeLeft UIInterfaceOrientationLandscapeRight";
				LD_RUNPATH_SEARCH_PATHS = (
					"$(inherited)",
					"@executable_path/Frameworks",
				);
				MARKETING_VERSION = 1.0;
				PRODUCT_BUNDLE_IDENTIFIER = com.rodrigogutierrez.Flashzilla;
				PRODUCT_NAME = "$(TARGET_NAME)";
				SWIFT_EMIT_LOC_STRINGS = YES;
				SWIFT_VERSION = 5.0;
				TARGETED_DEVICE_FAMILY = "1,2";
			};
			name = Debug;
		};
		5B24E9272C8931B800C003E5 /* Release */ = {
			isa = XCBuildConfiguration;
			buildSettings = {
				ASSETCATALOG_COMPILER_APPICON_NAME = AppIcon;
				ASSETCATALOG_COMPILER_GLOBAL_ACCENT_COLOR_NAME = AccentColor;
				CODE_SIGN_STYLE = Automatic;
				CURRENT_PROJECT_VERSION = 1;
				DEVELOPMENT_ASSET_PATHS = "\"Flashzilla/Preview Content\"";
				DEVELOPMENT_TEAM = XQT4XJ3N79;
				ENABLE_PREVIEWS = YES;
				GENERATE_INFOPLIST_FILE = YES;
				INFOPLIST_KEY_UIApplicationSceneManifest_Generation = YES;
				INFOPLIST_KEY_UIApplicationSupportsIndirectInputEvents = YES;
				INFOPLIST_KEY_UILaunchScreen_Generation = YES;
				INFOPLIST_KEY_UISupportedInterfaceOrientations_iPad = "UIInterfaceOrientationPortrait UIInterfaceOrientationPortraitUpsideDown UIInterfaceOrientationLandscapeLeft UIInterfaceOrientationLandscapeRight";
				INFOPLIST_KEY_UISupportedInterfaceOrientations_iPhone = "UIInterfaceOrientationPortrait UIInterfaceOrientationLandscapeLeft UIInterfaceOrientationLandscapeRight";
				LD_RUNPATH_SEARCH_PATHS = (
					"$(inherited)",
					"@executable_path/Frameworks",
				);
				MARKETING_VERSION = 1.0;
				PRODUCT_BUNDLE_IDENTIFIER = com.rodrigogutierrez.Flashzilla;
				PRODUCT_NAME = "$(TARGET_NAME)";
				SWIFT_EMIT_LOC_STRINGS = YES;
				SWIFT_VERSION = 5.0;
				TARGETED_DEVICE_FAMILY = "1,2";
			};
			name = Release;
		};
/* End XCBuildConfiguration section */

/* Begin XCConfigurationList section */
		5B24E9122C8931B700C003E5 /* Build configuration list for PBXProject "Flashzilla" */ = {
			isa = XCConfigurationList;
			buildConfigurations = (
				5B24E9232C8931B800C003E5 /* Debug */,
				5B24E9242C8931B800C003E5 /* Release */,
			);
			defaultConfigurationIsVisible = 0;
			defaultConfigurationName = Release;
		};
		5B24E9252C8931B800C003E5 /* Build configuration list for PBXNativeTarget "Flashzilla" */ = {
			isa = XCConfigurationList;
			buildConfigurations = (
				5B24E9262C8931B800C003E5 /* Debug */,
				5B24E9272C8931B800C003E5 /* Release */,
			);
			defaultConfigurationIsVisible = 0;
			defaultConfigurationName = Release;
		};
/* End XCConfigurationList section */
	};
	rootObject = 5B24E90F2C8931B700C003E5 /* Project object */;
}
